
Microsoft Visual Studio Solution File, Format Version 12.00
# Visual Studio 15
VisualStudioVersion = 15.0.27428.2043
MinimumVisualStudioVersion = 10.0.40219.1
Project("{FAE04EC0-301F-11D3-BF4B-00C04F79EFBC}") = "estuary-client", "src\estuary-client\estuary-client.csproj", "{ADB98C9F-D726-4C0C-BD0F-9F7F0AE9DA99}"
EndProject
Global
    GlobalSection(SolutionConfigurationPlatforms) = preSolution
        Debug|Any CPU = Debug|Any CPU
        Release|Any CPU = Release|Any CPU
    EndGlobalSection
    GlobalSection(ProjectConfigurationPlatforms) = postSolution
        {ADB98C9F-D726-4C0C-BD0F-9F7F0AE9DA99}.Debug|Any CPU.ActiveCfg = Debug|Any CPU
        {ADB98C9F-D726-4C0C-BD0F-9F7F0AE9DA99}.Debug|Any CPU.Build.0 = Debug|Any CPU
        {ADB98C9F-D726-4C0C-BD0F-9F7F0AE9DA99}.Release|Any CPU.ActiveCfg = Release|Any CPU
        {ADB98C9F-D726-4C0C-BD0F-9F7F0AE9DA99}.Release|Any CPU.Build.0 = Release|Any CPU
    EndGlobalSection
    GlobalSection(SolutionProperties) = preSolution
        HideSolutionNode = FALSE
    EndGlobalSection
EndGlobal
